
Microsoft Visual Studio Solution File, Format Version 12.00
# Visual Studio Version 17
VisualStudioVersion = 17.8.34330.188
MinimumVisualStudioVersion = 10.0.40219.1
Project("{9A19103F-16F7-4668-BE54-9A1E7A4F7556}") = "NauticalCatchChallenge", "NauticalCatchChallenge.csproj", "{022156D6-B71A-4E13-BC77-4B6765970B10}"
EndProject
Global
	GlobalSection(SolutionConfigurationPlatforms) = preSolution
		Debug|Any CPU = Debug|Any CPU
		Release|Any CPU = Release|Any CPU
	EndGlobalSection
	GlobalSection(ProjectConfigurationPlatforms) = postSolution
		{022156D6-B71A-4E13-BC77-4B6765970B10}.Debug|Any CPU.ActiveCfg = Debug|Any CPU
		{022156D6-B71A-4E13-BC77-4B6765970B10}.Debug|Any CPU.Build.0 = Debug|Any CPU
		{022156D6-B71A-4E13-BC77-4B6765970B10}.Release|Any CPU.ActiveCfg = Release|Any CPU
		{022156D6-B71A-4E13-BC77-4B6765970B10}.Release|Any CPU.Build.0 = Release|Any CPU
	EndGlobalSection
	GlobalSection(SolutionProperties) = preSolution
		HideSolutionNode = FALSE
	EndGlobalSection
	GlobalSection(ExtensibilityGlobals) = postSolution
		SolutionGuid = {FA0171A4-70D0-4B4C-87AF-F8B0E92DD69E}
	EndGlobalSection
EndGlobal
