
Microsoft Visual Studio Solution File, Format Version 12.00
# Visual Studio Version 17
VisualStudioVersion = 17.8.34330.188
MinimumVisualStudioVersion = 10.0.40219.1
Project("{9A19103F-16F7-4668-BE54-9A1E7A4F7556}") = "CarRacing", "CarRacing.csproj", "{589A7790-2F5B-474F-B95B-E7EC7360E95A}"
EndProject
Global
	GlobalSection(SolutionConfigurationPlatforms) = preSolution
		Debug|Any CPU = Debug|Any CPU
		Release|Any CPU = Release|Any CPU
	EndGlobalSection
	GlobalSection(ProjectConfigurationPlatforms) = postSolution
		{589A7790-2F5B-474F-B95B-E7EC7360E95A}.Debug|Any CPU.ActiveCfg = Debug|Any CPU
		{589A7790-2F5B-474F-B95B-E7EC7360E95A}.Debug|Any CPU.Build.0 = Debug|Any CPU
		{589A7790-2F5B-474F-B95B-E7EC7360E95A}.Release|Any CPU.ActiveCfg = Release|Any CPU
		{589A7790-2F5B-474F-B95B-E7EC7360E95A}.Release|Any CPU.Build.0 = Release|Any CPU
	EndGlobalSection
	GlobalSection(SolutionProperties) = preSolution
		HideSolutionNode = FALSE
	EndGlobalSection
	GlobalSection(ExtensibilityGlobals) = postSolution
		SolutionGuid = {5088B983-F99D-43BD-8271-90ADAD7BFAB5}
	EndGlobalSection
EndGlobal
