
Microsoft Visual Studio Solution File, Format Version 12.00
# Visual Studio Version 17
VisualStudioVersion = 17.8.34330.188
MinimumVisualStudioVersion = 10.0.40219.1
Project("{9A19103F-16F7-4668-BE54-9A1E7A4F7556}") = "01SingleInheritance", "01SingleInheritance\01SingleInheritance.csproj", "{B24EFEB6-5FAD-4FB6-9856-07B4597E86D3}"
EndProject
Project("{9A19103F-16F7-4668-BE54-9A1E7A4F7556}") = "04RandomList", "04RandomList\04RandomList.csproj", "{90AF36E8-B197-4732-A0C9-ECD4A2A209EE}"
EndProject
Project("{FAE04EC0-301F-11D3-BF4B-00C04F79EFBC}") = "05StackOfStrings", "05StackOfStrings\05StackOfStrings.csproj", "{3DFDEF1B-5B8E-4912-941F-0AB3B9A88199}"
EndProject
Global
	GlobalSection(SolutionConfigurationPlatforms) = preSolution
		Debug|Any CPU = Debug|Any CPU
		Release|Any CPU = Release|Any CPU
	EndGlobalSection
	GlobalSection(ProjectConfigurationPlatforms) = postSolution
		{B24EFEB6-5FAD-4FB6-9856-07B4597E86D3}.Debug|Any CPU.ActiveCfg = Debug|Any CPU
		{B24EFEB6-5FAD-4FB6-9856-07B4597E86D3}.Debug|Any CPU.Build.0 = Debug|Any CPU
		{B24EFEB6-5FAD-4FB6-9856-07B4597E86D3}.Release|Any CPU.ActiveCfg = Release|Any CPU
		{B24EFEB6-5FAD-4FB6-9856-07B4597E86D3}.Release|Any CPU.Build.0 = Release|Any CPU
		{90AF36E8-B197-4732-A0C9-ECD4A2A209EE}.Debug|Any CPU.ActiveCfg = Debug|Any CPU
		{90AF36E8-B197-4732-A0C9-ECD4A2A209EE}.Debug|Any CPU.Build.0 = Debug|Any CPU
		{90AF36E8-B197-4732-A0C9-ECD4A2A209EE}.Release|Any CPU.ActiveCfg = Release|Any CPU
		{90AF36E8-B197-4732-A0C9-ECD4A2A209EE}.Release|Any CPU.Build.0 = Release|Any CPU
		{3DFDEF1B-5B8E-4912-941F-0AB3B9A88199}.Debug|Any CPU.ActiveCfg = Debug|Any CPU
		{3DFDEF1B-5B8E-4912-941F-0AB3B9A88199}.Debug|Any CPU.Build.0 = Debug|Any CPU
		{3DFDEF1B-5B8E-4912-941F-0AB3B9A88199}.Release|Any CPU.ActiveCfg = Release|Any CPU
		{3DFDEF1B-5B8E-4912-941F-0AB3B9A88199}.Release|Any CPU.Build.0 = Release|Any CPU
	EndGlobalSection
	GlobalSection(SolutionProperties) = preSolution
		HideSolutionNode = FALSE
	EndGlobalSection
	GlobalSection(ExtensibilityGlobals) = postSolution
		SolutionGuid = {FBAD4EA6-59EB-4688-B0C8-7D800965886A}
	EndGlobalSection
EndGlobal
