
Microsoft Visual Studio Solution File, Format Version 12.00
# Visual Studio Version 17
VisualStudioVersion = 17.8.34330.188
MinimumVisualStudioVersion = 10.0.40219.1
Project("{9A19103F-16F7-4668-BE54-9A1E7A4F7556}") = "RobotFactory.Tests", "RobotFactory.Tests.csproj", "{450A1797-7E6D-4C9F-B8BE-4A779732EAF2}"
EndProject
Global
	GlobalSection(SolutionConfigurationPlatforms) = preSolution
		Debug|Any CPU = Debug|Any CPU
		Release|Any CPU = Release|Any CPU
	EndGlobalSection
	GlobalSection(ProjectConfigurationPlatforms) = postSolution
		{450A1797-7E6D-4C9F-B8BE-4A779732EAF2}.Debug|Any CPU.ActiveCfg = Debug|Any CPU
		{450A1797-7E6D-4C9F-B8BE-4A779732EAF2}.Debug|Any CPU.Build.0 = Debug|Any CPU
		{450A1797-7E6D-4C9F-B8BE-4A779732EAF2}.Release|Any CPU.ActiveCfg = Release|Any CPU
		{450A1797-7E6D-4C9F-B8BE-4A779732EAF2}.Release|Any CPU.Build.0 = Release|Any CPU
	EndGlobalSection
	GlobalSection(SolutionProperties) = preSolution
		HideSolutionNode = FALSE
	EndGlobalSection
	GlobalSection(ExtensibilityGlobals) = postSolution
		SolutionGuid = {B8CE5A3B-3FB9-4F3F-B88D-7A42A39B102F}
	EndGlobalSection
EndGlobal
