
Microsoft Visual Studio Solution File, Format Version 12.00
# Visual Studio Version 17
VisualStudioVersion = 17.8.34330.188
MinimumVisualStudioVersion = 10.0.40219.1
Project("{9A19103F-16F7-4668-BE54-9A1E7A4F7556}") = "Railway", "Railway.csproj", "{C083637C-D086-4441-8FAE-5827C5279E19}"
EndProject
Project("{9A19103F-16F7-4668-BE54-9A1E7A4F7556}") = "Railway.Tests", "..\Railway.Tests\Railway.Tests.csproj", "{C15880A8-E693-40D8-BF84-D3D72422D4AF}"
EndProject
Global
	GlobalSection(SolutionConfigurationPlatforms) = preSolution
		Debug|Any CPU = Debug|Any CPU
		Release|Any CPU = Release|Any CPU
	EndGlobalSection
	GlobalSection(ProjectConfigurationPlatforms) = postSolution
		{C083637C-D086-4441-8FAE-5827C5279E19}.Debug|Any CPU.ActiveCfg = Debug|Any CPU
		{C083637C-D086-4441-8FAE-5827C5279E19}.Debug|Any CPU.Build.0 = Debug|Any CPU
		{C083637C-D086-4441-8FAE-5827C5279E19}.Release|Any CPU.ActiveCfg = Release|Any CPU
		{C083637C-D086-4441-8FAE-5827C5279E19}.Release|Any CPU.Build.0 = Release|Any CPU
		{C15880A8-E693-40D8-BF84-D3D72422D4AF}.Debug|Any CPU.ActiveCfg = Debug|Any CPU
		{C15880A8-E693-40D8-BF84-D3D72422D4AF}.Debug|Any CPU.Build.0 = Debug|Any CPU
		{C15880A8-E693-40D8-BF84-D3D72422D4AF}.Release|Any CPU.ActiveCfg = Release|Any CPU
		{C15880A8-E693-40D8-BF84-D3D72422D4AF}.Release|Any CPU.Build.0 = Release|Any CPU
	EndGlobalSection
	GlobalSection(SolutionProperties) = preSolution
		HideSolutionNode = FALSE
	EndGlobalSection
	GlobalSection(ExtensibilityGlobals) = postSolution
		SolutionGuid = {29BEF501-412D-439C-AB27-ED96CA3BBBB9}
	EndGlobalSection
EndGlobal
