
Microsoft Visual Studio Solution File, Format Version 12.00
# Visual Studio Version 17
VisualStudioVersion = 17.8.34330.188
MinimumVisualStudioVersion = 10.0.40219.1
Project("{9A19103F-16F7-4668-BE54-9A1E7A4F7556}") = "01Person", "01Person\01Person.csproj", "{B822B922-1B57-40EC-B3B1-1409729BB81F}"
EndProject
Project("{9A19103F-16F7-4668-BE54-9A1E7A4F7556}") = "02Zoo", "02Zoo\02Zoo.csproj", "{4DFDC1EE-5A25-4D64-8FB8-C00729ED3109}"
EndProject
Project("{9A19103F-16F7-4668-BE54-9A1E7A4F7556}") = "03PlayersAndMonsters", "03PlayersAndMonsters\03PlayersAndMonsters.csproj", "{C669EFBB-91B4-4995-B3C0-1CAE4B12F9CE}"
EndProject
Project("{9A19103F-16F7-4668-BE54-9A1E7A4F7556}") = "04NeedForSpeed", "04NeedForSpeed\04NeedForSpeed.csproj", "{CFACB186-53A8-4FEC-979E-6AB71B42A17B}"
EndProject
Project("{9A19103F-16F7-4668-BE54-9A1E7A4F7556}") = "05Restaurant", "04Restaurant\05Restaurant.csproj", "{415CF727-0BAD-41A7-8418-F01C46C2ED34}"
EndProject
Project("{FAE04EC0-301F-11D3-BF4B-00C04F79EFBC}") = "06Animals", "06Animals\06Animals.csproj", "{7665DBFB-4809-421D-B5EF-3C23A4DA439D}"
EndProject
Global
	GlobalSection(SolutionConfigurationPlatforms) = preSolution
		Debug|Any CPU = Debug|Any CPU
		Release|Any CPU = Release|Any CPU
	EndGlobalSection
	GlobalSection(ProjectConfigurationPlatforms) = postSolution
		{B822B922-1B57-40EC-B3B1-1409729BB81F}.Debug|Any CPU.ActiveCfg = Debug|Any CPU
		{B822B922-1B57-40EC-B3B1-1409729BB81F}.Debug|Any CPU.Build.0 = Debug|Any CPU
		{B822B922-1B57-40EC-B3B1-1409729BB81F}.Release|Any CPU.ActiveCfg = Release|Any CPU
		{B822B922-1B57-40EC-B3B1-1409729BB81F}.Release|Any CPU.Build.0 = Release|Any CPU
		{4DFDC1EE-5A25-4D64-8FB8-C00729ED3109}.Debug|Any CPU.ActiveCfg = Debug|Any CPU
		{4DFDC1EE-5A25-4D64-8FB8-C00729ED3109}.Debug|Any CPU.Build.0 = Debug|Any CPU
		{4DFDC1EE-5A25-4D64-8FB8-C00729ED3109}.Release|Any CPU.ActiveCfg = Release|Any CPU
		{4DFDC1EE-5A25-4D64-8FB8-C00729ED3109}.Release|Any CPU.Build.0 = Release|Any CPU
		{C669EFBB-91B4-4995-B3C0-1CAE4B12F9CE}.Debug|Any CPU.ActiveCfg = Debug|Any CPU
		{C669EFBB-91B4-4995-B3C0-1CAE4B12F9CE}.Debug|Any CPU.Build.0 = Debug|Any CPU
		{C669EFBB-91B4-4995-B3C0-1CAE4B12F9CE}.Release|Any CPU.ActiveCfg = Release|Any CPU
		{C669EFBB-91B4-4995-B3C0-1CAE4B12F9CE}.Release|Any CPU.Build.0 = Release|Any CPU
		{CFACB186-53A8-4FEC-979E-6AB71B42A17B}.Debug|Any CPU.ActiveCfg = Debug|Any CPU
		{CFACB186-53A8-4FEC-979E-6AB71B42A17B}.Debug|Any CPU.Build.0 = Debug|Any CPU
		{CFACB186-53A8-4FEC-979E-6AB71B42A17B}.Release|Any CPU.ActiveCfg = Release|Any CPU
		{CFACB186-53A8-4FEC-979E-6AB71B42A17B}.Release|Any CPU.Build.0 = Release|Any CPU
		{415CF727-0BAD-41A7-8418-F01C46C2ED34}.Debug|Any CPU.ActiveCfg = Debug|Any CPU
		{415CF727-0BAD-41A7-8418-F01C46C2ED34}.Debug|Any CPU.Build.0 = Debug|Any CPU
		{415CF727-0BAD-41A7-8418-F01C46C2ED34}.Release|Any CPU.ActiveCfg = Release|Any CPU
		{415CF727-0BAD-41A7-8418-F01C46C2ED34}.Release|Any CPU.Build.0 = Release|Any CPU
		{7665DBFB-4809-421D-B5EF-3C23A4DA439D}.Debug|Any CPU.ActiveCfg = Debug|Any CPU
		{7665DBFB-4809-421D-B5EF-3C23A4DA439D}.Debug|Any CPU.Build.0 = Debug|Any CPU
		{7665DBFB-4809-421D-B5EF-3C23A4DA439D}.Release|Any CPU.ActiveCfg = Release|Any CPU
		{7665DBFB-4809-421D-B5EF-3C23A4DA439D}.Release|Any CPU.Build.0 = Release|Any CPU
	EndGlobalSection
	GlobalSection(SolutionProperties) = preSolution
		HideSolutionNode = FALSE
	EndGlobalSection
	GlobalSection(ExtensibilityGlobals) = postSolution
		SolutionGuid = {893189F6-F2F9-40EB-8372-0E0D9E68D1CA}
	EndGlobalSection
EndGlobal
