
Microsoft Visual Studio Solution File, Format Version 12.00
# Visual Studio Version 17
VisualStudioVersion = 17.8.34330.188
MinimumVisualStudioVersion = 10.0.40219.1
Project("{FAE04EC0-301F-11D3-BF4B-00C04F79EFBC}") = "AxeAndDummy", "AxeAndDummy\AxeAndDummy.csproj", "{5FEF74B4-5458-40C7-B3C9-F851F09C96B2}"
EndProject
Project("{FAE04EC0-301F-11D3-BF4B-00C04F79EFBC}") = "Tests", "Tests\Tests.csproj", "{65532215-807C-43FE-8538-9A05AE22A2B5}"
EndProject
Global
	GlobalSection(SolutionConfigurationPlatforms) = preSolution
		Debug|Any CPU = Debug|Any CPU
		Release|Any CPU = Release|Any CPU
	EndGlobalSection
	GlobalSection(ProjectConfigurationPlatforms) = postSolution
		{5FEF74B4-5458-40C7-B3C9-F851F09C96B2}.Debug|Any CPU.ActiveCfg = Debug|Any CPU
		{5FEF74B4-5458-40C7-B3C9-F851F09C96B2}.Debug|Any CPU.Build.0 = Debug|Any CPU
		{5FEF74B4-5458-40C7-B3C9-F851F09C96B2}.Release|Any CPU.ActiveCfg = Release|Any CPU
		{5FEF74B4-5458-40C7-B3C9-F851F09C96B2}.Release|Any CPU.Build.0 = Release|Any CPU
		{65532215-807C-43FE-8538-9A05AE22A2B5}.Debug|Any CPU.ActiveCfg = Debug|Any CPU
		{65532215-807C-43FE-8538-9A05AE22A2B5}.Debug|Any CPU.Build.0 = Debug|Any CPU
		{65532215-807C-43FE-8538-9A05AE22A2B5}.Release|Any CPU.ActiveCfg = Release|Any CPU
		{65532215-807C-43FE-8538-9A05AE22A2B5}.Release|Any CPU.Build.0 = Release|Any CPU
	EndGlobalSection
	GlobalSection(SolutionProperties) = preSolution
		HideSolutionNode = FALSE
	EndGlobalSection
	GlobalSection(ExtensibilityGlobals) = postSolution
		SolutionGuid = {100A47D5-46A9-4FD9-A386-17FD88AD0499}
	EndGlobalSection
EndGlobal
