
Microsoft Visual Studio Solution File, Format Version 12.00
# Visual Studio Version 17
VisualStudioVersion = 17.8.34330.188
MinimumVisualStudioVersion = 10.0.40219.1
Project("{9A19103F-16F7-4668-BE54-9A1E7A4F7556}") = "01ClassBoxData", "01ClassBoxData\01ClassBoxData.csproj", "{8185E617-B5A1-42EF-98F3-CCE043E39B3C}"
EndProject
Project("{9A19103F-16F7-4668-BE54-9A1E7A4F7556}") = "02AnimalFarm", "02AnimalFarm\02AnimalFarm.csproj", "{C035F13E-E288-4854-8E21-00F9170B5DE3}"
EndProject
Project("{9A19103F-16F7-4668-BE54-9A1E7A4F7556}") = "03ShoppingSpree", "03ShoppingSpree\03ShoppingSpree.csproj", "{8399F1BB-6945-4200-8A7F-4116EF6BDBC6}"
EndProject
Project("{9A19103F-16F7-4668-BE54-9A1E7A4F7556}") = "04PizzaCalories", "04PizzaCalories\04PizzaCalories.csproj", "{7B04430D-BF08-4892-988F-94A29EAAD701}"
EndProject
Project("{FAE04EC0-301F-11D3-BF4B-00C04F79EFBC}") = "05FootballTeamGenerator", "05FootballTeamGenerator\05FootballTeamGenerator.csproj", "{1C3673CB-DC07-42DA-AC93-B6BEFA0CED65}"
EndProject
Global
	GlobalSection(SolutionConfigurationPlatforms) = preSolution
		Debug|Any CPU = Debug|Any CPU
		Release|Any CPU = Release|Any CPU
	EndGlobalSection
	GlobalSection(ProjectConfigurationPlatforms) = postSolution
		{8185E617-B5A1-42EF-98F3-CCE043E39B3C}.Debug|Any CPU.ActiveCfg = Debug|Any CPU
		{8185E617-B5A1-42EF-98F3-CCE043E39B3C}.Debug|Any CPU.Build.0 = Debug|Any CPU
		{8185E617-B5A1-42EF-98F3-CCE043E39B3C}.Release|Any CPU.ActiveCfg = Release|Any CPU
		{8185E617-B5A1-42EF-98F3-CCE043E39B3C}.Release|Any CPU.Build.0 = Release|Any CPU
		{C035F13E-E288-4854-8E21-00F9170B5DE3}.Debug|Any CPU.ActiveCfg = Debug|Any CPU
		{C035F13E-E288-4854-8E21-00F9170B5DE3}.Debug|Any CPU.Build.0 = Debug|Any CPU
		{C035F13E-E288-4854-8E21-00F9170B5DE3}.Release|Any CPU.ActiveCfg = Release|Any CPU
		{C035F13E-E288-4854-8E21-00F9170B5DE3}.Release|Any CPU.Build.0 = Release|Any CPU
		{8399F1BB-6945-4200-8A7F-4116EF6BDBC6}.Debug|Any CPU.ActiveCfg = Debug|Any CPU
		{8399F1BB-6945-4200-8A7F-4116EF6BDBC6}.Debug|Any CPU.Build.0 = Debug|Any CPU
		{8399F1BB-6945-4200-8A7F-4116EF6BDBC6}.Release|Any CPU.ActiveCfg = Release|Any CPU
		{8399F1BB-6945-4200-8A7F-4116EF6BDBC6}.Release|Any CPU.Build.0 = Release|Any CPU
		{7B04430D-BF08-4892-988F-94A29EAAD701}.Debug|Any CPU.ActiveCfg = Debug|Any CPU
		{7B04430D-BF08-4892-988F-94A29EAAD701}.Debug|Any CPU.Build.0 = Debug|Any CPU
		{7B04430D-BF08-4892-988F-94A29EAAD701}.Release|Any CPU.ActiveCfg = Release|Any CPU
		{7B04430D-BF08-4892-988F-94A29EAAD701}.Release|Any CPU.Build.0 = Release|Any CPU
		{1C3673CB-DC07-42DA-AC93-B6BEFA0CED65}.Debug|Any CPU.ActiveCfg = Debug|Any CPU
		{1C3673CB-DC07-42DA-AC93-B6BEFA0CED65}.Debug|Any CPU.Build.0 = Debug|Any CPU
		{1C3673CB-DC07-42DA-AC93-B6BEFA0CED65}.Release|Any CPU.ActiveCfg = Release|Any CPU
		{1C3673CB-DC07-42DA-AC93-B6BEFA0CED65}.Release|Any CPU.Build.0 = Release|Any CPU
	EndGlobalSection
	GlobalSection(SolutionProperties) = preSolution
		HideSolutionNode = FALSE
	EndGlobalSection
	GlobalSection(ExtensibilityGlobals) = postSolution
		SolutionGuid = {E3E9E4A0-4DA2-4BF7-941C-BFE3F7F6A4A9}
	EndGlobalSection
EndGlobal
